
Microsoft Visual Studio Solution File, Format Version 12.00
# Visual Studio Version 17
VisualStudioVersion = 17.4.33213.308
MinimumVisualStudioVersion = 10.0.40219.1
Project("{9A19103F-16F7-4668-BE54-9A1E7A4F7556}") = "Laba4_Algo", "Laba4_Algo\Laba4_Algo.csproj", "{08210DAE-2A83-4B77-84D4-F3EFF36A8110}"
EndProject
Project("{9A19103F-16F7-4668-BE54-9A1E7A4F7556}") = "Core", "Core\Core.csproj", "{874FB413-1243-4593-B869-06899031E154}"
EndProject
Project("{9A19103F-16F7-4668-BE54-9A1E7A4F7556}") = "InternalSort", "InternalSort\InternalSort.csproj", "{1996A94F-FE36-49F3-BC57-C23BA8FDD7E2}"
	ProjectSection(ProjectDependencies) = postProject
		{874FB413-1243-4593-B869-06899031E154} = {874FB413-1243-4593-B869-06899031E154}
	EndProjectSection
EndProject
Project("{9A19103F-16F7-4668-BE54-9A1E7A4F7556}") = "TextSort", "TextSort\TextSort.csproj", "{4C77FE3C-7C0C-4FD5-86E4-F0231F8BDB81}"
EndProject
Project("{9A19103F-16F7-4668-BE54-9A1E7A4F7556}") = "ExternalSort", "ExternalSort\ExternalSort.csproj", "{2DBAADFA-7060-465F-BA92-551D02F269ED}"
EndProject
Global
	GlobalSection(SolutionConfigurationPlatforms) = preSolution
		Debug|Any CPU = Debug|Any CPU
		Release|Any CPU = Release|Any CPU
	EndGlobalSection
	GlobalSection(ProjectConfigurationPlatforms) = postSolution
		{08210DAE-2A83-4B77-84D4-F3EFF36A8110}.Debug|Any CPU.ActiveCfg = Debug|Any CPU
		{08210DAE-2A83-4B77-84D4-F3EFF36A8110}.Debug|Any CPU.Build.0 = Debug|Any CPU
		{08210DAE-2A83-4B77-84D4-F3EFF36A8110}.Release|Any CPU.ActiveCfg = Release|Any CPU
		{08210DAE-2A83-4B77-84D4-F3EFF36A8110}.Release|Any CPU.Build.0 = Release|Any CPU
		{874FB413-1243-4593-B869-06899031E154}.Debug|Any CPU.ActiveCfg = Debug|Any CPU
		{874FB413-1243-4593-B869-06899031E154}.Debug|Any CPU.Build.0 = Debug|Any CPU
		{874FB413-1243-4593-B869-06899031E154}.Release|Any CPU.ActiveCfg = Release|Any CPU
		{874FB413-1243-4593-B869-06899031E154}.Release|Any CPU.Build.0 = Release|Any CPU
		{1996A94F-FE36-49F3-BC57-C23BA8FDD7E2}.Debug|Any CPU.ActiveCfg = Debug|Any CPU
		{1996A94F-FE36-49F3-BC57-C23BA8FDD7E2}.Debug|Any CPU.Build.0 = Debug|Any CPU
		{1996A94F-FE36-49F3-BC57-C23BA8FDD7E2}.Release|Any CPU.ActiveCfg = Release|Any CPU
		{1996A94F-FE36-49F3-BC57-C23BA8FDD7E2}.Release|Any CPU.Build.0 = Release|Any CPU
		{4C77FE3C-7C0C-4FD5-86E4-F0231F8BDB81}.Debug|Any CPU.ActiveCfg = Debug|Any CPU
		{4C77FE3C-7C0C-4FD5-86E4-F0231F8BDB81}.Debug|Any CPU.Build.0 = Debug|Any CPU
		{4C77FE3C-7C0C-4FD5-86E4-F0231F8BDB81}.Release|Any CPU.ActiveCfg = Release|Any CPU
		{4C77FE3C-7C0C-4FD5-86E4-F0231F8BDB81}.Release|Any CPU.Build.0 = Release|Any CPU
		{2DBAADFA-7060-465F-BA92-551D02F269ED}.Debug|Any CPU.ActiveCfg = Debug|Any CPU
		{2DBAADFA-7060-465F-BA92-551D02F269ED}.Debug|Any CPU.Build.0 = Debug|Any CPU
		{2DBAADFA-7060-465F-BA92-551D02F269ED}.Release|Any CPU.ActiveCfg = Release|Any CPU
		{2DBAADFA-7060-465F-BA92-551D02F269ED}.Release|Any CPU.Build.0 = Release|Any CPU
	EndGlobalSection
	GlobalSection(SolutionProperties) = preSolution
		HideSolutionNode = FALSE
	EndGlobalSection
	GlobalSection(ExtensibilityGlobals) = postSolution
		SolutionGuid = {FB55695A-C395-4E7E-BF30-B29ECC411033}
	EndGlobalSection
EndGlobal
